// !$*UTF8*$!
{
	archiveVersion = 1;
	classes = {
	};
	objectVersion = 56;
	objects = {

/* Begin PBXBuildFile section */
		4256D1652995E973005BF367 /* AppDelegate.swift in Sources */ = {isa = PBXBuildFile; fileRef = 4256D1642995E973005BF367 /* AppDelegate.swift */; };
		4256D1672995E973005BF367 /* SceneDelegate.swift in Sources */ = {isa = PBXBuildFile; fileRef = 4256D1662995E973005BF367 /* SceneDelegate.swift */; };
		4256D16C2995E973005BF367 /* Main.storyboard in Resources */ = {isa = PBXBuildFile; fileRef = 4256D16A2995E973005BF367 /* Main.storyboard */; };
		4256D16E2995E975005BF367 /* Assets.xcassets in Resources */ = {isa = PBXBuildFile; fileRef = 4256D16D2995E975005BF367 /* Assets.xcassets */; };
		4256D1712995E975005BF367 /* LaunchScreen.storyboard in Resources */ = {isa = PBXBuildFile; fileRef = 4256D16F2995E975005BF367 /* LaunchScreen.storyboard */; };
		4256D17C2995E975005BF367 /* SQLiteTests.swift in Sources */ = {isa = PBXBuildFile; fileRef = 4256D17B2995E975005BF367 /* SQLiteTests.swift */; };
		4256D1862995E975005BF367 /* SQLiteUITests.swift in Sources */ = {isa = PBXBuildFile; fileRef = 4256D1852995E975005BF367 /* SQLiteUITests.swift */; };
		4256D1882995E975005BF367 /* SQLiteUITestsLaunchTests.swift in Sources */ = {isa = PBXBuildFile; fileRef = 4256D1872995E975005BF367 /* SQLiteUITestsLaunchTests.swift */; };
		4256D1962995E9C6005BF367 /* FMDB in Frameworks */ = {isa = PBXBuildFile; productRef = 4256D1952995E9C6005BF367 /* FMDB */; };
		4256D1982995EBE2005BF367 /* employee.db in Resources */ = {isa = PBXBuildFile; fileRef = 4256D1972995EBE2005BF367 /* employee.db */; };
/* End PBXBuildFile section */

/* Begin PBXContainerItemProxy section */
		4256D1782995E975005BF367 /* PBXContainerItemProxy */ = {
			isa = PBXContainerItemProxy;
			containerPortal = 4256D1592995E973005BF367 /* Project object */;
			proxyType = 1;
			remoteGlobalIDString = 4256D1602995E973005BF367;
			remoteInfo = SQLite;
		};
		4256D1822995E975005BF367 /* PBXContainerItemProxy */ = {
			isa = PBXContainerItemProxy;
			containerPortal = 4256D1592995E973005BF367 /* Project object */;
			proxyType = 1;
			remoteGlobalIDString = 4256D1602995E973005BF367;
			remoteInfo = SQLite;
		};
/* End PBXContainerItemProxy section */

/* Begin PBXFileReference section */
		4256D1612995E973005BF367 /* SQLite.app */ = {isa = PBXFileReference; explicitFileType = wrapper.application; includeInIndex = 0; path = SQLite.app; sourceTree = BUILT_PRODUCTS_DIR; };
		4256D1642995E973005BF367 /* AppDelegate.swift */ = {isa = PBXFileReference; lastKnownFileType = sourcecode.swift; path = AppDelegate.swift; sourceTree = "<group>"; };
		4256D1662995E973005BF367 /* SceneDelegate.swift */ = {isa = PBXFileReference; lastKnownFileType = sourcecode.swift; path = SceneDelegate.swift; sourceTree = "<group>"; };
		4256D16B2995E973005BF367 /* Base */ = {isa = PBXFileReference; lastKnownFileType = file.storyboard; name = Base; path = Base.lproj/Main.storyboard; sourceTree = "<group>"; };
		4256D16D2995E975005BF367 /* Assets.xcassets */ = {isa = PBXFileReference; lastKnownFileType = folder.assetcatalog; path = Assets.xcassets; sourceTree = "<group>"; };
		4256D1702995E975005BF367 /* Base */ = {isa = PBXFileReference; lastKnownFileType = file.storyboard; name = Base; path = Base.lproj/LaunchScreen.storyboard; sourceTree = "<group>"; };
		4256D1722995E975005BF367 /* Info.plist */ = {isa = PBXFileReference; lastKnownFileType = text.plist.xml; path = Info.plist; sourceTree = "<group>"; };
		4256D1772995E975005BF367 /* SQLiteTests.xctest */ = {isa = PBXFileReference; explicitFileType = wrapper.cfbundle; includeInIndex = 0; path = SQLiteTests.xctest; sourceTree = BUILT_PRODUCTS_DIR; };
		4256D17B2995E975005BF367 /* SQLiteTests.swift */ = {isa = PBXFileReference; lastKnownFileType = sourcecode.swift; path = SQLiteTests.swift; sourceTree = "<group>"; };
		4256D1812995E975005BF367 /* SQLiteUITests.xctest */ = {isa = PBXFileReference; explicitFileType = wrapper.cfbundle; includeInIndex = 0; path = SQLiteUITests.xctest; sourceTree = BUILT_PRODUCTS_DIR; };
		4256D1852995E975005BF367 /* SQLiteUITests.swift */ = {isa = PBXFileReference; lastKnownFileType = sourcecode.swift; path = SQLiteUITests.swift; sourceTree = "<group>"; };
		4256D1872995E975005BF367 /* SQLiteUITestsLaunchTests.swift */ = {isa = PBXFileReference; lastKnownFileType = sourcecode.swift; path = SQLiteUITestsLaunchTests.swift; sourceTree = "<group>"; };
		4256D1972995EBE2005BF367 /* employee.db */ = {isa = PBXFileReference; lastKnownFileType = file; path = employee.db; sourceTree = "<group>"; };
/* End PBXFileReference section */

/* Begin PBXFrameworksBuildPhase section */
		4256D15E2995E973005BF367 /* Frameworks */ = {
			isa = PBXFrameworksBuildPhase;
			buildActionMask = 2147483647;
			files = (
				4256D1962995E9C6005BF367 /* FMDB in Frameworks */,
			);
			runOnlyForDeploymentPostprocessing = 0;
		};
		4256D1742995E975005BF367 /* Frameworks */ = {
			isa = PBXFrameworksBuildPhase;
			buildActionMask = 2147483647;
			files = (
			);
			runOnlyForDeploymentPostprocessing = 0;
		};
		4256D17E2995E975005BF367 /* Frameworks */ = {
			isa = PBXFrameworksBuildPhase;
			buildActionMask = 2147483647;
			files = (
			);
			runOnlyForDeploymentPostprocessing = 0;
		};
/* End PBXFrameworksBuildPhase section */

/* Begin PBXGroup section */
		4256D1582995E973005BF367 = {
			isa = PBXGroup;
			children = (
				4256D1632995E973005BF367 /* SQLite */,
				4256D17A2995E975005BF367 /* SQLiteTests */,
				4256D1842995E975005BF367 /* SQLiteUITests */,
				4256D1622995E973005BF367 /* Products */,
			);
			sourceTree = "<group>";
		};
		4256D1622995E973005BF367 /* Products */ = {
			isa = PBXGroup;
			children = (
				4256D1612995E973005BF367 /* SQLite.app */,
				4256D1772995E975005BF367 /* SQLiteTests.xctest */,
				4256D1812995E975005BF367 /* SQLiteUITests.xctest */,
			);
			name = Products;
			sourceTree = "<group>";
		};
		4256D1632995E973005BF367 /* SQLite */ = {
			isa = PBXGroup;
			children = (
				4256D1642995E973005BF367 /* AppDelegate.swift */,
				4256D1662995E973005BF367 /* SceneDelegate.swift */,
				4256D1972995EBE2005BF367 /* employee.db */,
				4256D16A2995E973005BF367 /* Main.storyboard */,
				4256D16D2995E975005BF367 /* Assets.xcassets */,
				4256D16F2995E975005BF367 /* LaunchScreen.storyboard */,
				4256D1722995E975005BF367 /* Info.plist */,
			);
			path = SQLite;
			sourceTree = "<group>";
		};
		4256D17A2995E975005BF367 /* SQLiteTests */ = {
			isa = PBXGroup;
			children = (
				4256D17B2995E975005BF367 /* SQLiteTests.swift */,
			);
			path = SQLiteTests;
			sourceTree = "<group>";
		};
		4256D1842995E975005BF367 /* SQLiteUITests */ = {
			isa = PBXGroup;
			children = (
				4256D1852995E975005BF367 /* SQLiteUITests.swift */,
				4256D1872995E975005BF367 /* SQLiteUITestsLaunchTests.swift */,
			);
			path = SQLiteUITests;
			sourceTree = "<group>";
		};
/* End PBXGroup section */

/* Begin PBXNativeTarget section */
		4256D1602995E973005BF367 /* SQLite */ = {
			isa = PBXNativeTarget;
			buildConfigurationList = 4256D18B2995E975005BF367 /* Build configuration list for PBXNativeTarget "SQLite" */;
			buildPhases = (
				4256D15D2995E973005BF367 /* Sources */,
				4256D15E2995E973005BF367 /* Frameworks */,
				4256D15F2995E973005BF367 /* Resources */,
			);
			buildRules = (
			);
			dependencies = (
			);
			name = SQLite;
			packageProductDependencies = (
				4256D1952995E9C6005BF367 /* FMDB */,
			);
			productName = SQLite;
			productReference = 4256D1612995E973005BF367 /* SQLite.app */;
			productType = "com.apple.product-type.application";
		};
		4256D1762995E975005BF367 /* SQLiteTests */ = {
			isa = PBXNativeTarget;
			buildConfigurationList = 4256D18E2995E975005BF367 /* Build configuration list for PBXNativeTarget "SQLiteTests" */;
			buildPhases = (
				4256D1732995E975005BF367 /* Sources */,
				4256D1742995E975005BF367 /* Frameworks */,
				4256D1752995E975005BF367 /* Resources */,
			);
			buildRules = (
			);
			dependencies = (
				4256D1792995E975005BF367 /* PBXTargetDependency */,
			);
			name = SQLiteTests;
			productName = SQLiteTests;
			productReference = 4256D1772995E975005BF367 /* SQLiteTests.xctest */;
			productType = "com.apple.product-type.bundle.unit-test";
		};
		4256D1802995E975005BF367 /* SQLiteUITests */ = {
			isa = PBXNativeTarget;
			buildConfigurationList = 4256D1912995E975005BF367 /* Build configuration list for PBXNativeTarget "SQLiteUITests" */;
			buildPhases = (
				4256D17D2995E975005BF367 /* Sources */,
				4256D17E2995E975005BF367 /* Frameworks */,
				4256D17F2995E975005BF367 /* Resources */,
			);
			buildRules = (
			);
			dependencies = (
				4256D1832995E975005BF367 /* PBXTargetDependency */,
			);
			name = SQLiteUITests;
			productName = SQLiteUITests;
			productReference = 4256D1812995E975005BF367 /* SQLiteUITests.xctest */;
			productType = "com.apple.product-type.bundle.ui-testing";
		};
/* End PBXNativeTarget section */

/* Begin PBXProject section */
		4256D1592995E973005BF367 /* Project object */ = {
			isa = PBXProject;
			attributes = {
				BuildIndependentTargetsInParallel = 1;
				LastSwiftUpdateCheck = 1420;
				LastUpgradeCheck = 1420;
				TargetAttributes = {
					4256D1602995E973005BF367 = {
						CreatedOnToolsVersion = 14.2;
					};
					4256D1762995E975005BF367 = {
						CreatedOnToolsVersion = 14.2;
						TestTargetID = 4256D1602995E973005BF367;
					};
					4256D1802995E975005BF367 = {
						CreatedOnToolsVersion = 14.2;
						TestTargetID = 4256D1602995E973005BF367;
					};
				};
			};
			buildConfigurationList = 4256D15C2995E973005BF367 /* Build configuration list for PBXProject "SQLite" */;
			compatibilityVersion = "Xcode 14.0";
			developmentRegion = en;
			hasScannedForEncodings = 0;
			knownRegions = (
				en,
				Base,
			);
			mainGroup = 4256D1582995E973005BF367;
			packageReferences = (
				4256D1942995E9C6005BF367 /* XCRemoteSwiftPackageReference "fmdb" */,
			);
			productRefGroup = 4256D1622995E973005BF367 /* Products */;
			projectDirPath = "";
			projectRoot = "";
			targets = (
				4256D1602995E973005BF367 /* SQLite */,
				4256D1762995E975005BF367 /* SQLiteTests */,
				4256D1802995E975005BF367 /* SQLiteUITests */,
			);
		};
/* End PBXProject section */

/* Begin PBXResourcesBuildPhase section */
		4256D15F2995E973005BF367 /* Resources */ = {
			isa = PBXResourcesBuildPhase;
			buildActionMask = 2147483647;
			files = (
				4256D1712995E975005BF367 /* LaunchScreen.storyboard in Resources */,
				4256D16E2995E975005BF367 /* Assets.xcassets in Resources */,
				4256D16C2995E973005BF367 /* Main.storyboard in Resources */,
				4256D1982995EBE2005BF367 /* employee.db in Resources */,
			);
			runOnlyForDeploymentPostprocessing = 0;
		};
		4256D1752995E975005BF367 /* Resources */ = {
			isa = PBXResourcesBuildPhase;
			buildActionMask = 2147483647;
			files = (
			);
			runOnlyForDeploymentPostprocessing = 0;
		};
		4256D17F2995E975005BF367 /* Resources */ = {
			isa = PBXResourcesBuildPhase;
			buildActionMask = 2147483647;
			files = (
			);
			runOnlyForDeploymentPostprocessing = 0;
		};
/* End PBXResourcesBuildPhase section */

/* Begin PBXSourcesBuildPhase section */
		4256D15D2995E973005BF367 /* Sources */ = {
			isa = PBXSourcesBuildPhase;
			buildActionMask = 2147483647;
			files = (
				4256D1652995E973005BF367 /* AppDelegate.swift in Sources */,
				4256D1672995E973005BF367 /* SceneDelegate.swift in Sources */,
			);
			runOnlyForDeploymentPostprocessing = 0;
		};
		4256D1732995E975005BF367 /* Sources */ = {
			isa = PBXSourcesBuildPhase;
			buildActionMask = 2147483647;
			files = (
				4256D17C2995E975005BF367 /* SQLiteTests.swift in Sources */,
			);
			runOnlyForDeploymentPostprocessing = 0;
		};
		4256D17D2995E975005BF367 /* Sources */ = {
			isa = PBXSourcesBuildPhase;
			buildActionMask = 2147483647;
			files = (
				4256D1882995E975005BF367 /* SQLiteUITestsLaunchTests.swift in Sources */,
				4256D1862995E975005BF367 /* SQLiteUITests.swift in Sources */,
			);
			runOnlyForDeploymentPostprocessing = 0;
		};
/* End PBXSourcesBuildPhase section */

/* Begin PBXTargetDependency section */
		4256D1792995E975005BF367 /* PBXTargetDependency */ = {
			isa = PBXTargetDependency;
			target = 4256D1602995E973005BF367 /* SQLite */;
			targetProxy = 4256D1782995E975005BF367 /* PBXContainerItemProxy */;
		};
		4256D1832995E975005BF367 /* PBXTargetDependency */ = {
			isa = PBXTargetDependency;
			target = 4256D1602995E973005BF367 /* SQLite */;
			targetProxy = 4256D1822995E975005BF367 /* PBXContainerItemProxy */;
		};
/* End PBXTargetDependency section */

/* Begin PBXVariantGroup section */
		4256D16A2995E973005BF367 /* Main.storyboard */ = {
			isa = PBXVariantGroup;
			children = (
				4256D16B2995E973005BF367 /* Base */,
			);
			name = Main.storyboard;
			sourceTree = "<group>";
		};
		4256D16F2995E975005BF367 /* LaunchScreen.storyboard */ = {
			isa = PBXVariantGroup;
			children = (
				4256D1702995E975005BF367 /* Base */,
			);
			name = LaunchScreen.storyboard;
			sourceTree = "<group>";
		};
/* End PBXVariantGroup section */

/* Begin XCBuildConfiguration section */
		4256D1892995E975005BF367 /* Debug */ = {
			isa = XCBuildConfiguration;
			buildSettings = {
				ALWAYS_SEARCH_USER_PATHS = NO;
				CLANG_ANALYZER_NONNULL = YES;
				CLANG_ANALYZER_NUMBER_OBJECT_CONVERSION = YES_AGGRESSIVE;
				CLANG_CXX_LANGUAGE_STANDARD = "gnu++20";
				CLANG_ENABLE_MODULES = YES;
				CLANG_ENABLE_OBJC_ARC = YES;
				CLANG_ENABLE_OBJC_WEAK = YES;
				CLANG_WARN_BLOCK_CAPTURE_AUTORELEASING = YES;
				CLANG_WARN_BOOL_CONVERSION = YES;
				CLANG_WARN_COMMA = YES;
				CLANG_WARN_CONSTANT_CONVERSION = YES;
				CLANG_WARN_DEPRECATED_OBJC_IMPLEMENTATIONS = YES;
				CLANG_WARN_DIRECT_OBJC_ISA_USAGE = YES_ERROR;
				CLANG_WARN_DOCUMENTATION_COMMENTS = YES;
				CLANG_WARN_EMPTY_BODY = YES;
				CLANG_WARN_ENUM_CONVERSION = YES;
				CLANG_WARN_INFINITE_RECURSION = YES;
				CLANG_WARN_INT_CONVERSION = YES;
				CLANG_WARN_NON_LITERAL_NULL_CONVERSION = YES;
				CLANG_WARN_OBJC_IMPLICIT_RETAIN_SELF = YES;
				CLANG_WARN_OBJC_LITERAL_CONVERSION = YES;
				CLANG_WARN_OBJC_ROOT_CLASS = YES_ERROR;
				CLANG_WARN_QUOTED_INCLUDE_IN_FRAMEWORK_HEADER = YES;
				CLANG_WARN_RANGE_LOOP_ANALYSIS = YES;
				CLANG_WARN_STRICT_PROTOTYPES = YES;
				CLANG_WARN_SUSPICIOUS_MOVE = YES;
				CLANG_WARN_UNGUARDED_AVAILABILITY = YES_AGGRESSIVE;
				CLANG_WARN_UNREACHABLE_CODE = YES;
				CLANG_WARN__DUPLICATE_METHOD_MATCH = YES;
				COPY_PHASE_STRIP = NO;
				DEBUG_INFORMATION_FORMAT = dwarf;
				ENABLE_STRICT_OBJC_MSGSEND = YES;
				ENABLE_TESTABILITY = YES;
				GCC_C_LANGUAGE_STANDARD = gnu11;
				GCC_DYNAMIC_NO_PIC = NO;
				GCC_NO_COMMON_BLOCKS = YES;
				GCC_OPTIMIZATION_LEVEL = 0;
				GCC_PREPROCESSOR_DEFINITIONS = (
					"DEBUG=1",
					"$(inherited)",
				);
				GCC_WARN_64_TO_32_BIT_CONVERSION = YES;
				GCC_WARN_ABOUT_RETURN_TYPE = YES_ERROR;
				GCC_WARN_UNDECLARED_SELECTOR = YES;
				GCC_WARN_UNINITIALIZED_AUTOS = YES_AGGRESSIVE;
				GCC_WARN_UNUSED_FUNCTION = YES;
				GCC_WARN_UNUSED_VARIABLE = YES;
				IPHONEOS_DEPLOYMENT_TARGET = 16.2;
				MTL_ENABLE_DEBUG_INFO = INCLUDE_SOURCE;
				MTL_FAST_MATH = YES;
				ONLY_ACTIVE_ARCH = YES;
				SDKROOT = iphoneos;
				SWIFT_ACTIVE_COMPILATION_CONDITIONS = DEBUG;
				SWIFT_OPTIMIZATION_LEVEL = "-Onone";
			};
			name = Debug;
		};
		4256D18A2995E975005BF367 /* Release */ = {
			isa = XCBuildConfiguration;
			buildSettings = {
				ALWAYS_SEARCH_USER_PATHS = NO;
				CLANG_ANALYZER_NONNULL = YES;
				CLANG_ANALYZER_NUMBER_OBJECT_CONVERSION = YES_AGGRESSIVE;
				CLANG_CXX_LANGUAGE_STANDARD = "gnu++20";
				CLANG_ENABLE_MODULES = YES;
				CLANG_ENABLE_OBJC_ARC = YES;
				CLANG_ENABLE_OBJC_WEAK = YES;
				CLANG_WARN_BLOCK_CAPTURE_AUTORELEASING = YES;
				CLANG_WARN_BOOL_CONVERSION = YES;
				CLANG_WARN_COMMA = YES;
				CLANG_WARN_CONSTANT_CONVERSION = YES;
				CLANG_WARN_DEPRECATED_OBJC_IMPLEMENTATIONS = YES;
				CLANG_WARN_DIRECT_OBJC_ISA_USAGE = YES_ERROR;
				CLANG_WARN_DOCUMENTATION_COMMENTS = YES;
				CLANG_WARN_EMPTY_BODY = YES;
				CLANG_WARN_ENUM_CONVERSION = YES;
				CLANG_WARN_INFINITE_RECURSION = YES;
				CLANG_WARN_INT_CONVERSION = YES;
				CLANG_WARN_NON_LITERAL_NULL_CONVERSION = YES;
				CLANG_WARN_OBJC_IMPLICIT_RETAIN_SELF = YES;
				CLANG_WARN_OBJC_LITERAL_CONVERSION = YES;
				CLANG_WARN_OBJC_ROOT_CLASS = YES_ERROR;
				CLANG_WARN_QUOTED_INCLUDE_IN_FRAMEWORK_HEADER = YES;
				CLANG_WARN_RANGE_LOOP_ANALYSIS = YES;
				CLANG_WARN_STRICT_PROTOTYPES = YES;
				CLANG_WARN_SUSPICIOUS_MOVE = YES;
				CLANG_WARN_UNGUARDED_AVAILABILITY = YES_AGGRESSIVE;
				CLANG_WARN_UNREACHABLE_CODE = YES;
				CLANG_WARN__DUPLICATE_METHOD_MATCH = YES;
				COPY_PHASE_STRIP = NO;
				DEBUG_INFORMATION_FORMAT = "dwarf-with-dsym";
				ENABLE_NS_ASSERTIONS = NO;
				ENABLE_STRICT_OBJC_MSGSEND = YES;
				GCC_C_LANGUAGE_STANDARD = gnu11;
				GCC_NO_COMMON_BLOCKS = YES;
				GCC_WARN_64_TO_32_BIT_CONVERSION = YES;
				GCC_WARN_ABOUT_RETURN_TYPE = YES_ERROR;
				GCC_WARN_UNDECLARED_SELECTOR = YES;
				GCC_WARN_UNINITIALIZED_AUTOS = YES_AGGRESSIVE;
				GCC_WARN_UNUSED_FUNCTION = YES;
				GCC_WARN_UNUSED_VARIABLE = YES;
				IPHONEOS_DEPLOYMENT_TARGET = 16.2;
				MTL_ENABLE_DEBUG_INFO = NO;
				MTL_FAST_MATH = YES;
				SDKROOT = iphoneos;
				SWIFT_COMPILATION_MODE = wholemodule;
				SWIFT_OPTIMIZATION_LEVEL = "-O";
				VALIDATE_PRODUCT = YES;
			};
			name = Release;
		};
		4256D18C2995E975005BF367 /* Debug */ = {
			isa = XCBuildConfiguration;
			buildSettings = {
				ASSETCATALOG_COMPILER_APPICON_NAME = AppIcon;
				ASSETCATALOG_COMPILER_GLOBAL_ACCENT_COLOR_NAME = AccentColor;
				CODE_SIGN_STYLE = Automatic;
				CURRENT_PROJECT_VERSION = 1;
				GENERATE_INFOPLIST_FILE = YES;
				INFOPLIST_FILE = SQLite/Info.plist;
				INFOPLIST_KEY_UIApplicationSupportsIndirectInputEvents = YES;
				INFOPLIST_KEY_UILaunchStoryboardName = LaunchScreen;
				INFOPLIST_KEY_UIMainStoryboardFile = Main;
				INFOPLIST_KEY_UISupportedInterfaceOrientations_iPad = "UIInterfaceOrientationPortrait UIInterfaceOrientationPortraitUpsideDown UIInterfaceOrientationLandscapeLeft UIInterfaceOrientationLandscapeRight";
				INFOPLIST_KEY_UISupportedInterfaceOrientations_iPhone = "UIInterfaceOrientationPortrait UIInterfaceOrientationLandscapeLeft UIInterfaceOrientationLandscapeRight";
				LD_RUNPATH_SEARCH_PATHS = (
					"$(inherited)",
					"@executable_path/Frameworks",
				);
				MARKETING_VERSION = 1.0;
				PRODUCT_BUNDLE_IDENTIFIER = ViewController.SQLite;
				PRODUCT_NAME = "$(TARGET_NAME)";
				SWIFT_EMIT_LOC_STRINGS = YES;
				SWIFT_VERSION = 5.0;
				TARGETED_DEVICE_FAMILY = "1,2";
			};
			name = Debug;
		};
		4256D18D2995E975005BF367 /* Release */ = {
			isa = XCBuildConfiguration;
			buildSettings = {
				ASSETCATALOG_COMPILER_APPICON_NAME = AppIcon;
				ASSETCATALOG_COMPILER_GLOBAL_ACCENT_COLOR_NAME = AccentColor;
				CODE_SIGN_STYLE = Automatic;
				CURRENT_PROJECT_VERSION = 1;
				GENERATE_INFOPLIST_FILE = YES;
				INFOPLIST_FILE = SQLite/Info.plist;
				INFOPLIST_KEY_UIApplicationSupportsIndirectInputEvents = YES;
				INFOPLIST_KEY_UILaunchStoryboardName = LaunchScreen;
				INFOPLIST_KEY_UIMainStoryboardFile = Main;
				INFOPLIST_KEY_UISupportedInterfaceOrientations_iPad = "UIInterfaceOrientationPortrait UIInterfaceOrientationPortraitUpsideDown UIInterfaceOrientationLandscapeLeft UIInterfaceOrientationLandscapeRight";
				INFOPLIST_KEY_UISupportedInterfaceOrientations_iPhone = "UIInterfaceOrientationPortrait UIInterfaceOrientationLandscapeLeft UIInterfaceOrientationLandscapeRight";
				LD_RUNPATH_SEARCH_PATHS = (
					"$(inherited)",
					"@executable_path/Frameworks",
				);
				MARKETING_VERSION = 1.0;
				PRODUCT_BUNDLE_IDENTIFIER = ViewController.SQLite;
				PRODUCT_NAME = "$(TARGET_NAME)";
				SWIFT_EMIT_LOC_STRINGS = YES;
				SWIFT_VERSION = 5.0;
				TARGETED_DEVICE_FAMILY = "1,2";
			};
			name = Release;
		};
		4256D18F2995E975005BF367 /* Debug */ = {
			isa = XCBuildConfiguration;
			buildSettings = {
				ALWAYS_EMBED_SWIFT_STANDARD_LIBRARIES = YES;
				BUNDLE_LOADER = "$(TEST_HOST)";
				CODE_SIGN_STYLE = Automatic;
				CURRENT_PROJECT_VERSION = 1;
				GENERATE_INFOPLIST_FILE = YES;
				IPHONEOS_DEPLOYMENT_TARGET = 16.2;
				MARKETING_VERSION = 1.0;
				PRODUCT_BUNDLE_IDENTIFIER = ViewController.SQLiteTests;
				PRODUCT_NAME = "$(TARGET_NAME)";
				SWIFT_EMIT_LOC_STRINGS = NO;
				SWIFT_VERSION = 5.0;
				TARGETED_DEVICE_FAMILY = "1,2";
				TEST_HOST = "$(BUILT_PRODUCTS_DIR)/SQLite.app/$(BUNDLE_EXECUTABLE_FOLDER_PATH)/SQLite";
			};
			name = Debug;
		};
		4256D1902995E975005BF367 /* Release */ = {
			isa = XCBuildConfiguration;
			buildSettings = {
				ALWAYS_EMBED_SWIFT_STANDARD_LIBRARIES = YES;
				BUNDLE_LOADER = "$(TEST_HOST)";
				CODE_SIGN_STYLE = Automatic;
				CURRENT_PROJECT_VERSION = 1;
				GENERATE_INFOPLIST_FILE = YES;
				IPHONEOS_DEPLOYMENT_TARGET = 16.2;
				MARKETING_VERSION = 1.0;
				PRODUCT_BUNDLE_IDENTIFIER = ViewController.SQLiteTests;
				PRODUCT_NAME = "$(TARGET_NAME)";
				SWIFT_EMIT_LOC_STRINGS = NO;
				SWIFT_VERSION = 5.0;
				TARGETED_DEVICE_FAMILY = "1,2";
				TEST_HOST = "$(BUILT_PRODUCTS_DIR)/SQLite.app/$(BUNDLE_EXECUTABLE_FOLDER_PATH)/SQLite";
			};
			name = Release;
		};
		4256D1922995E975005BF367 /* Debug */ = {
			isa = XCBuildConfiguration;
			buildSettings = {
				ALWAYS_EMBED_SWIFT_STANDARD_LIBRARIES = YES;
				CODE_SIGN_STYLE = Automatic;
				CURRENT_PROJECT_VERSION = 1;
				GENERATE_INFOPLIST_FILE = YES;
				MARKETING_VERSION = 1.0;
				PRODUCT_BUNDLE_IDENTIFIER = ViewController.SQLiteUITests;
				PRODUCT_NAME = "$(TARGET_NAME)";
				SWIFT_EMIT_LOC_STRINGS = NO;
				SWIFT_VERSION = 5.0;
				TARGETED_DEVICE_FAMILY = "1,2";
				TEST_TARGET_NAME = SQLite;
			};
			name = Debug;
		};
		4256D1932995E975005BF367 /* Release */ = {
			isa = XCBuildConfiguration;
			buildSettings = {
				ALWAYS_EMBED_SWIFT_STANDARD_LIBRARIES = YES;
				CODE_SIGN_STYLE = Automatic;
				CURRENT_PROJECT_VERSION = 1;
				GENERATE_INFOPLIST_FILE = YES;
				MARKETING_VERSION = 1.0;
				PRODUCT_BUNDLE_IDENTIFIER = ViewController.SQLiteUITests;
				PRODUCT_NAME = "$(TARGET_NAME)";
				SWIFT_EMIT_LOC_STRINGS = NO;
				SWIFT_VERSION = 5.0;
				TARGETED_DEVICE_FAMILY = "1,2";
				TEST_TARGET_NAME = SQLite;
			};
			name = Release;
		};
/* End XCBuildConfiguration section */

/* Begin XCConfigurationList section */
		4256D15C2995E973005BF367 /* Build configuration list for PBXProject "SQLite" */ = {
			isa = XCConfigurationList;
			buildConfigurations = (
				4256D1892995E975005BF367 /* Debug */,
				4256D18A2995E975005BF367 /* Release */,
			);
			defaultConfigurationIsVisible = 0;
			defaultConfigurationName = Release;
		};
		4256D18B2995E975005BF367 /* Build configuration list for PBXNativeTarget "SQLite" */ = {
			isa = XCConfigurationList;
			buildConfigurations = (
				4256D18C2995E975005BF367 /* Debug */,
				4256D18D2995E975005BF367 /* Release */,
			);
			defaultConfigurationIsVisible = 0;
			defaultConfigurationName = Release;
		};
		4256D18E2995E975005BF367 /* Build configuration list for PBXNativeTarget "SQLiteTests" */ = {
			isa = XCConfigurationList;
			buildConfigurations = (
				4256D18F2995E975005BF367 /* Debug */,
				4256D1902995E975005BF367 /* Release */,
			);
			defaultConfigurationIsVisible = 0;
			defaultConfigurationName = Release;
		};
		4256D1912995E975005BF367 /* Build configuration list for PBXNativeTarget "SQLiteUITests" */ = {
			isa = XCConfigurationList;
			buildConfigurations = (
				4256D1922995E975005BF367 /* Debug */,
				4256D1932995E975005BF367 /* Release */,
			);
			defaultConfigurationIsVisible = 0;
			defaultConfigurationName = Release;
		};
/* End XCConfigurationList section */

/* Begin XCRemoteSwiftPackageReference section */
		4256D1942995E9C6005BF367 /* XCRemoteSwiftPackageReference "fmdb" */ = {
			isa = XCRemoteSwiftPackageReference;
			repositoryURL = "https://github.com/ccgus/fmdb.git";
			requirement = {
				kind = upToNextMajorVersion;
				minimumVersion = 2.0.0;
			};
		};
/* End XCRemoteSwiftPackageReference section */

/* Begin XCSwiftPackageProductDependency section */
		4256D1952995E9C6005BF367 /* FMDB */ = {
			isa = XCSwiftPackageProductDependency;
			package = 4256D1942995E9C6005BF367 /* XCRemoteSwiftPackageReference "fmdb" */;
			productName = FMDB;
		};
/* End XCSwiftPackageProductDependency section */
	};
	rootObject = 4256D1592995E973005BF367 /* Project object */;
}
